{
  "socketPath": "\\\\.\\pipe\\mcp-f5ec03ad-76ca-4e2f-ab11-7137db28c819.sock",
  "scheme": "pipe",
  "headers": {
    "Authorization": "Nonce 70a9832f-682c-4d0c-b268-8aa442d85238"
  },
  "pid": 16748,
  "ideName": "Visual Studio Code",
  "timestamp": 1773386151578,
  "workspaceFolders": [
    "c:\\Users\\Rohit3129\\lab-frontend"
  ],
  "isTrusted": true
}